{
    "version": 3,
    "terraform_version": "0.11.14",
    "serial": 2,
    "lineage": "3438c6b2-5f75-0b49-c9fe-f4c0080b9f47",
    "modules": [
        {
            "path": [
                "root"
            ],
            "outputs": {
                "myDB": {
                    "sensitive": false,
                    "type": "string",
                    "value": "terraform-20200517214700266200000001.cyurgzecrh7z.us-east-1.rds.amazonaws.com:3306"
                }
            },
            "resources": {
                "aws_db_instance.myDB": {
                    "type": "aws_db_instance",
                    "depends_on": [],
                    "primary": {
                        "id": "terraform-20200517214700266200000001",
                        "attributes": {
                            "address": "terraform-20200517214700266200000001.cyurgzecrh7z.us-east-1.rds.amazonaws.com",
                            "allocated_storage": "20",
                            "arn": "arn:aws:rds:us-east-1:401413892014:db:terraform-20200517214700266200000001",
                            "auto_minor_version_upgrade": "true",
                            "availability_zone": "us-east-1b",
                            "backup_retention_period": "7",
                            "backup_window": "05:32-06:02",
                            "ca_cert_identifier": "rds-ca-2019",
                            "copy_tags_to_snapshot": "false",
                            "db_subnet_group_name": "default",
                            "delete_automated_backups": "true",
                            "deletion_protection": "false",
                            "domain": "",
                            "domain_iam_role_name": "",
                            "enabled_cloudwatch_logs_exports.#": "0",
                            "endpoint": "terraform-20200517214700266200000001.cyurgzecrh7z.us-east-1.rds.amazonaws.com:3306",
                            "engine": "mysql",
                            "engine_version": "5.7.22",
                            "hosted_zone_id": "Z2R2ITUGPM61AM",
                            "iam_database_authentication_enabled": "false",
                            "id": "terraform-20200517214700266200000001",
                            "identifier": "terraform-20200517214700266200000001",
                            "instance_class": "db.t2.micro",
                            "iops": "0",
                            "kms_key_id": "",
                            "license_model": "general-public-license",
                            "maintenance_window": "mon:04:31-mon:05:01",
                            "max_allocated_storage": "0",
                            "monitoring_interval": "0",
                            "monitoring_role_arn": "",
                            "multi_az": "false",
                            "name": "mydb",
                            "option_group_name": "default:mysql-5-7",
                            "parameter_group_name": "default.mysql5.7",
                            "password": "vnksnvdjnskdnvkjsdndvsds",
                            "performance_insights_enabled": "false",
                            "performance_insights_kms_key_id": "",
                            "performance_insights_retention_period": "0",
                            "port": "3306",
                            "publicly_accessible": "false",
                            "replicas.#": "0",
                            "replicate_source_db": "",
                            "resource_id": "db-LMU7PK4ZICWXNXF6S2VUA63FGA",
                            "security_group_names.#": "0",
                            "skip_final_snapshot": "false",
                            "status": "available",
                            "storage_encrypted": "false",
                            "storage_type": "gp2",
                            "tags.%": "0",
                            "timezone": "",
                            "username": "admin",
                            "vpc_security_group_ids.#": "1",
                            "vpc_security_group_ids.1813489682": "sg-4d382c6c"
                        },
                        "meta": {
                            "e2bfb730-ecaa-11e6-8f88-34363bc7c4c0": {
                                "create": 2400000000000,
                                "delete": 2400000000000,
                                "update": 4800000000000
                            },
                            "schema_version": "1"
                        },
                        "tainted": false
                    },
                    "deposed": [],
                    "provider": "provider.aws"
                }
            },
            "depends_on": []
        }
    ]
}
