{
    "version": 3,
    "terraform_version": "0.11.14",
    "serial": 5,
    "lineage": "26a97fea-d66b-d9b7-bf78-0397f3ff99b2",
    "modules": [
        {
            "path": [
                "root"
            ],
            "outputs": {
                "iam_user_arn": {
                    "sensitive": false,
                    "type": "string",
                    "value": "arn:aws:iam::401413892014:user/Jack"
                }
            },
            "resources": {
                "aws_iam_policy.myCustomPolicy": {
                    "type": "aws_iam_policy",
                    "depends_on": [],
                    "primary": {
                        "id": "arn:aws:iam::401413892014:policy/MyCustomPolicy",
                        "attributes": {
                            "arn": "arn:aws:iam::401413892014:policy/MyCustomPolicy",
                            "description": "",
                            "id": "arn:aws:iam::401413892014:policy/MyCustomPolicy",
                            "name": "MyCustomPolicy",
                            "path": "/",
                            "policy": "{\n    \"Version\": \"2012-10-17\",\n    \"Statement\": [\n        {\n            \"Sid\": \"VisualEditor0\",\n            \"Effect\": \"Allow\",\n            \"Action\": [\n                \"ec2:GetDefaultCreditSpecification\",\n                \"ec2:DescribeTags\",\n                \"ec2:DescribeVpnConnections\",\n                \"ec2:GetEbsEncryptionByDefault\",\n                \"ec2:GetCapacityReservationUsage\",\n                \"ec2:DescribeVolumesModifications\",\n                \"ec2:GetHostReservationPurchasePreview\",\n                \"ec2:DescribeFastSnapshotRestores\",\n                \"ec2:GetConsoleScreenshot\",\n                \"ec2:GetReservedInstancesExchangeQuote\",\n                \"ec2:GetConsoleOutput\",\n                \"ec2:GetPasswordData\",\n                \"ec2:GetLaunchTemplateData\",\n                \"ec2:DescribeScheduledInstances\",\n                \"ec2:DescribeScheduledInstanceAvailability\",\n                \"ec2:GetEbsDefaultKmsKeyId\",\n                \"ec2:DescribeElasticGpus\"\n            ],\n            \"Resource\": \"*\"\n        }\n    ]\n}\n  "
                        },
                        "meta": {},
                        "tainted": false
                    },
                    "deposed": [],
                    "provider": "provider.aws"
                },
                "aws_iam_policy_attachment.policyBind": {
                    "type": "aws_iam_policy_attachment",
                    "depends_on": [
                        "aws_iam_policy.myCustomPolicy",
                        "aws_iam_user.myUser"
                    ],
                    "primary": {
                        "id": "attachment",
                        "attributes": {
                            "groups.#": "0",
                            "id": "attachment",
                            "name": "attachment",
                            "policy_arn": "arn:aws:iam::401413892014:policy/MyCustomPolicy",
                            "roles.#": "0",
                            "users.#": "1",
                            "users.138954470": "Jack"
                        },
                        "meta": {},
                        "tainted": false
                    },
                    "deposed": [],
                    "provider": "provider.aws"
                },
                "aws_iam_user.myUser": {
                    "type": "aws_iam_user",
                    "depends_on": [],
                    "primary": {
                        "id": "Jack",
                        "attributes": {
                            "arn": "arn:aws:iam::401413892014:user/Jack",
                            "force_destroy": "false",
                            "id": "Jack",
                            "name": "Jack",
                            "path": "/",
                            "tags.%": "0",
                            "unique_id": "AIDAV25RB46XAFEUJN7LU"
                        },
                        "meta": {},
                        "tainted": false
                    },
                    "deposed": [],
                    "provider": "provider.aws"
                },
                "aws_iam_user.myUser2": {
                    "type": "aws_iam_user",
                    "depends_on": [],
                    "primary": {
                        "id": "David",
                        "attributes": {
                            "arn": "arn:aws:iam::401413892014:user/David",
                            "force_destroy": "false",
                            "id": "David",
                            "name": "David",
                            "path": "/",
                            "tags.%": "0",
                            "unique_id": "AIDAV25RB46XF4ZWOFDRM"
                        },
                        "meta": {},
                        "tainted": false
                    },
                    "deposed": [],
                    "provider": "provider.aws"
                }
            },
            "depends_on": []
        }
    ]
}
